
Microsoft Visual Studio Solution File, Format Version 12.00
# Visual Studio Version 16
VisualStudioVersion = 16.0.31729.503
MinimumVisualStudioVersion = 10.0.40219.1
Project("{FAE04EC0-301F-11D3-BF4B-00C04F79EFBC}") = "ticTacToeGame", "ticTacToeGame.csproj", "{2F134226-0D78-43C5-A91C-34770CAE2776}"
EndProject
Global
	GlobalSection(SolutionConfigurationPlatforms) = preSolution
		Debug|Any CPU = Debug|Any CPU
		Release|Any CPU = Release|Any CPU
	EndGlobalSection
	GlobalSection(ProjectConfigurationPlatforms) = postSolution
		{2F134226-0D78-43C5-A91C-34770CAE2776}.Debug|Any CPU.ActiveCfg = Debug|Any CPU
		{2F134226-0D78-43C5-A91C-34770CAE2776}.Debug|Any CPU.Build.0 = Debug|Any CPU
		{2F134226-0D78-43C5-A91C-34770CAE2776}.Release|Any CPU.ActiveCfg = Release|Any CPU
		{2F134226-0D78-43C5-A91C-34770CAE2776}.Release|Any CPU.Build.0 = Release|Any CPU
	EndGlobalSection
	GlobalSection(SolutionProperties) = preSolution
		HideSolutionNode = FALSE
	EndGlobalSection
	GlobalSection(ExtensibilityGlobals) = postSolution
		SolutionGuid = {3962DFC1-07D2-44BB-AFD9-123F5010F930}
	EndGlobalSection
EndGlobal
